
Microsoft Visual Studio Solution File, Format Version 12.00
# Visual Studio Version 17
VisualStudioVersion = 17.9.34701.34
MinimumVisualStudioVersion = 10.0.40219.1
Project("{9A19103F-16F7-4668-BE54-9A1E7A4F7556}") = "CS_API_Tests", "CS_API_Tests.csproj", "{D89F0D53-9D15-4198-82DE-C705C79F6B5C}"
	ProjectSection(ProjectDependencies) = postProject
		{50ADBD91-F501-465A-A590-CD5C95BCCEC2} = {50ADBD91-F501-465A-A590-CD5C95BCCEC2}
	EndProjectSection
EndProject
Project("{FAE04EC0-301F-11D3-BF4B-00C04F79EFBC}") = "Api_Class_Library", "..\Api_Class_Library\Api_Class_Library.csproj", "{50ADBD91-F501-465A-A590-CD5C95BCCEC2}"
EndProject
Global
	GlobalSection(SolutionConfigurationPlatforms) = preSolution
		Debug|Any CPU = Debug|Any CPU
		Release|Any CPU = Release|Any CPU
	EndGlobalSection
	GlobalSection(ProjectConfigurationPlatforms) = postSolution
		{D89F0D53-9D15-4198-82DE-C705C79F6B5C}.Debug|Any CPU.ActiveCfg = Debug|Any CPU
		{D89F0D53-9D15-4198-82DE-C705C79F6B5C}.Debug|Any CPU.Build.0 = Debug|Any CPU
		{D89F0D53-9D15-4198-82DE-C705C79F6B5C}.Release|Any CPU.ActiveCfg = Release|Any CPU
		{D89F0D53-9D15-4198-82DE-C705C79F6B5C}.Release|Any CPU.Build.0 = Release|Any CPU
		{50ADBD91-F501-465A-A590-CD5C95BCCEC2}.Debug|Any CPU.ActiveCfg = Debug|Any CPU
		{50ADBD91-F501-465A-A590-CD5C95BCCEC2}.Debug|Any CPU.Build.0 = Debug|Any CPU
		{50ADBD91-F501-465A-A590-CD5C95BCCEC2}.Release|Any CPU.ActiveCfg = Release|Any CPU
		{50ADBD91-F501-465A-A590-CD5C95BCCEC2}.Release|Any CPU.Build.0 = Release|Any CPU
	EndGlobalSection
	GlobalSection(SolutionProperties) = preSolution
		HideSolutionNode = FALSE
	EndGlobalSection
	GlobalSection(ExtensibilityGlobals) = postSolution
		SolutionGuid = {9A45DAF4-5220-4381-93F3-3EE3B8F8FA4B}
	EndGlobalSection
EndGlobal
